
Microsoft Visual Studio Solution File, Format Version 12.00
# Visual Studio Version 16
VisualStudioVersion = 16.0.31727.386
MinimumVisualStudioVersion = 10.0.40219.1
Project("{FAE04EC0-301F-11D3-BF4B-00C04F79EFBC}") = "ZTA", "ZTA\ZTA.csproj", "{CC9575F1-FF16-44F4-915C-3B43CBFE6DC9}"
EndProject
Global
	GlobalSection(SolutionConfigurationPlatforms) = preSolution
		Debug|Any CPU = Debug|Any CPU
		Release|Any CPU = Release|Any CPU
	EndGlobalSection
	GlobalSection(ProjectConfigurationPlatforms) = postSolution
		{CC9575F1-FF16-44F4-915C-3B43CBFE6DC9}.Debug|Any CPU.ActiveCfg = Debug|Any CPU
		{CC9575F1-FF16-44F4-915C-3B43CBFE6DC9}.Debug|Any CPU.Build.0 = Debug|Any CPU
		{CC9575F1-FF16-44F4-915C-3B43CBFE6DC9}.Release|Any CPU.ActiveCfg = Release|Any CPU
		{CC9575F1-FF16-44F4-915C-3B43CBFE6DC9}.Release|Any CPU.Build.0 = Release|Any CPU
	EndGlobalSection
	GlobalSection(SolutionProperties) = preSolution
		HideSolutionNode = FALSE
	EndGlobalSection
	GlobalSection(ExtensibilityGlobals) = postSolution
		SolutionGuid = {3404E860-70F7-48FE-B7EA-0A11F8AF8A8D}
	EndGlobalSection
EndGlobal
